
Microsoft Visual Studio Solution File, Format Version 10.00
# Visual Studio 2008
Project("{8BC9CEB8-8B4A-11D0-8D11-00A0C91BC942}") = "Poco-CPP-Demo", "Poco-CPP-Demo\Poco-CPP-Demo.vcproj", "{A2AEC605-DB07-4B01-A2D5-71794DC653EB}"
EndProject
Project("{2150E333-8FDC-42A3-9474-1A3956D46DE8}") = "00. Fundation", "00. Fundation", "{324B566B-63F1-44DD-A099-CEAB37F9EED4}"
EndProject
Project("{2150E333-8FDC-42A3-9474-1A3956D46DE8}") = "01. Data", "01. Data", "{FEBCDD86-6337-40A3-9ABC-73B1DEE8767E}"
EndProject
Project("{2150E333-8FDC-42A3-9474-1A3956D46DE8}") = "02. DOM", "02. DOM", "{16D640D3-AD6A-4049-8CBB-A20E3B06DA90}"
EndProject
Project("{2150E333-8FDC-42A3-9474-1A3956D46DE8}") = "03. Dynamic", "03. Dynamic", "{09D5C1CF-CC4B-435D-8217-BA79CFE7CEF7}"
EndProject
Project("{2150E333-8FDC-42A3-9474-1A3956D46DE8}") = "04. JSON", "04. JSON", "{421E71D2-696D-4AE3-9D68-97A32B7381C2}"
EndProject
Project("{2150E333-8FDC-42A3-9474-1A3956D46DE8}") = "05. MongoDB", "05. MongoDB", "{EFF95D59-CDE6-44C2-8FDA-B95F6E96966A}"
EndProject
Project("{2150E333-8FDC-42A3-9474-1A3956D46DE8}") = "06. Net", "06. Net", "{FFC663D3-33B4-4607-BAA2-0A83D82E3E26}"
EndProject
Project("{2150E333-8FDC-42A3-9474-1A3956D46DE8}") = "07. SAX", "07. SAX", "{A450E775-3516-432E-B2D6-9E224E7DF735}"
EndProject
Project("{2150E333-8FDC-42A3-9474-1A3956D46DE8}") = "08. Util", "08. Util", "{C90B6592-5EA2-4A8F-943A-C8610A674159}"
EndProject
Project("{2150E333-8FDC-42A3-9474-1A3956D46DE8}") = "09. XML", "09. XML", "{D5B47A40-6951-472B-AE88-7129D8AECB5A}"
EndProject
Project("{2150E333-8FDC-42A3-9474-1A3956D46DE8}") = "10. Zip", "10. Zip", "{947D3ABE-E616-4885-88E2-A41DECFABFF3}"
EndProject
Project("{2150E333-8FDC-42A3-9474-1A3956D46DE8}") = "11. Crypto", "11. Crypto", "{8A99CCDE-FCC7-413A-9EDB-76CCFDF80D58}"
EndProject
Project("{8BC9CEB8-8B4A-11D0-8D11-00A0C91BC942}") = "CacheDemo", "00_Fundation\CacheDemo\CacheDemo.vcproj", "{7D65EA56-AC16-4E80-B0E1-61296DA18B89}"
EndProject
Project("{8BC9CEB8-8B4A-11D0-8D11-00A0C91BC942}") = "ThreadDemo", "00_Fundation\ThreadDemo\ThreadDemo.vcproj", "{958AB638-1A4F-4B84-BAC6-D85D59FFF88D}"
EndProject
Project("{8BC9CEB8-8B4A-11D0-8D11-00A0C91BC942}") = "ThreadPoolDemo", "00_Fundation\ThreadPoolDemo\ThreadPoolDemo.vcproj", "{50D43180-E009-4D42-AB60-AE3A25B70757}"
EndProject
Project("{8BC9CEB8-8B4A-11D0-8D11-00A0C91BC942}") = "TimerDemo", "00_Fundation\TimerDemo\TimerDemo.vcproj", "{C04D82A2-7F9A-4C4F-8103-82DA266E4F66}"
EndProject
Project("{2150E333-8FDC-42A3-9474-1A3956D46DE8}") = "00.01. Thread", "00.01. Thread", "{BA45647E-6120-4B24-BF28-F92E8C33759D}"
EndProject
Project("{8BC9CEB8-8B4A-11D0-8D11-00A0C91BC942}") = "ActiveDemo", "00_Fundation\ActiveDemo\ActiveDemo.vcproj", "{37CEA28C-C40E-4393-AFBD-8BD67393EF9A}"
EndProject
Project("{2150E333-8FDC-42A3-9474-1A3956D46DE8}") = "12. Redis", "12. Redis", "{22CDC747-1530-46CD-9E9D-1378DA591CC6}"
EndProject
Project("{8BC9CEB8-8B4A-11D0-8D11-00A0C91BC942}") = "RedisClientDemo", "12_Redis\RedisClientDemo\RedisClientDemo.vcproj", "{C60DB572-4CAB-42D3-A798-3B382B4C3DB5}"
EndProject
Project("{2150E333-8FDC-42A3-9474-1A3956D46DE8}") = "08.01.Application", "08.01.Application", "{2E9650C3-CEDC-4AC7-9A64-82D60AAC2F9A}"
EndProject
Project("{8BC9CEB8-8B4A-11D0-8D11-00A0C91BC942}") = "ApplicationDemo", "08_Util\01_Application\ApplicationDemo\ApplicationDemo.vcproj", "{DDF46E6D-4D83-44C3-9600-C4B505509D7C}"
EndProject
Project("{2150E333-8FDC-42A3-9474-1A3956D46DE8}") = "00.02. SharedLibrary", "00.02. SharedLibrary", "{7DF1CB55-FA65-4191-AFE5-66538890DEC9}"
EndProject
Project("{8BC9CEB8-8B4A-11D0-8D11-00A0C91BC942}") = "PluginDemo", "PluginDemo\PluginDemo.vcproj", "{E7252F7E-1922-4142-9380-D4886573A00B}"
EndProject
Project("{8BC9CEB8-8B4A-11D0-8D11-00A0C91BC942}") = "PluginDemoLoader", "PluginDemoLoader\PluginDemoLoader.vcproj", "{30FD87F4-FA25-4C94-89D8-2AC64EBE1D03}"
EndProject
Global
	GlobalSection(SolutionConfigurationPlatforms) = preSolution
		Debug|Win32 = Debug|Win32
		Release|Win32 = Release|Win32
	EndGlobalSection
	GlobalSection(ProjectConfigurationPlatforms) = postSolution
		{A2AEC605-DB07-4B01-A2D5-71794DC653EB}.Debug|Win32.ActiveCfg = Debug|Win32
		{A2AEC605-DB07-4B01-A2D5-71794DC653EB}.Debug|Win32.Build.0 = Debug|Win32
		{A2AEC605-DB07-4B01-A2D5-71794DC653EB}.Release|Win32.ActiveCfg = Release|Win32
		{A2AEC605-DB07-4B01-A2D5-71794DC653EB}.Release|Win32.Build.0 = Release|Win32
		{7D65EA56-AC16-4E80-B0E1-61296DA18B89}.Debug|Win32.ActiveCfg = Debug|Win32
		{7D65EA56-AC16-4E80-B0E1-61296DA18B89}.Debug|Win32.Build.0 = Debug|Win32
		{7D65EA56-AC16-4E80-B0E1-61296DA18B89}.Release|Win32.ActiveCfg = Release|Win32
		{7D65EA56-AC16-4E80-B0E1-61296DA18B89}.Release|Win32.Build.0 = Release|Win32
		{958AB638-1A4F-4B84-BAC6-D85D59FFF88D}.Debug|Win32.ActiveCfg = Debug|Win32
		{958AB638-1A4F-4B84-BAC6-D85D59FFF88D}.Debug|Win32.Build.0 = Debug|Win32
		{958AB638-1A4F-4B84-BAC6-D85D59FFF88D}.Release|Win32.ActiveCfg = Release|Win32
		{958AB638-1A4F-4B84-BAC6-D85D59FFF88D}.Release|Win32.Build.0 = Release|Win32
		{50D43180-E009-4D42-AB60-AE3A25B70757}.Debug|Win32.ActiveCfg = Debug|Win32
		{50D43180-E009-4D42-AB60-AE3A25B70757}.Debug|Win32.Build.0 = Debug|Win32
		{50D43180-E009-4D42-AB60-AE3A25B70757}.Release|Win32.ActiveCfg = Release|Win32
		{50D43180-E009-4D42-AB60-AE3A25B70757}.Release|Win32.Build.0 = Release|Win32
		{C04D82A2-7F9A-4C4F-8103-82DA266E4F66}.Debug|Win32.ActiveCfg = Debug|Win32
		{C04D82A2-7F9A-4C4F-8103-82DA266E4F66}.Debug|Win32.Build.0 = Debug|Win32
		{C04D82A2-7F9A-4C4F-8103-82DA266E4F66}.Release|Win32.ActiveCfg = Release|Win32
		{C04D82A2-7F9A-4C4F-8103-82DA266E4F66}.Release|Win32.Build.0 = Release|Win32
		{37CEA28C-C40E-4393-AFBD-8BD67393EF9A}.Debug|Win32.ActiveCfg = Debug|Win32
		{37CEA28C-C40E-4393-AFBD-8BD67393EF9A}.Debug|Win32.Build.0 = Debug|Win32
		{37CEA28C-C40E-4393-AFBD-8BD67393EF9A}.Release|Win32.ActiveCfg = Release|Win32
		{37CEA28C-C40E-4393-AFBD-8BD67393EF9A}.Release|Win32.Build.0 = Release|Win32
		{C60DB572-4CAB-42D3-A798-3B382B4C3DB5}.Debug|Win32.ActiveCfg = Debug|Win32
		{C60DB572-4CAB-42D3-A798-3B382B4C3DB5}.Debug|Win32.Build.0 = Debug|Win32
		{C60DB572-4CAB-42D3-A798-3B382B4C3DB5}.Release|Win32.ActiveCfg = Release|Win32
		{C60DB572-4CAB-42D3-A798-3B382B4C3DB5}.Release|Win32.Build.0 = Release|Win32
		{DDF46E6D-4D83-44C3-9600-C4B505509D7C}.Debug|Win32.ActiveCfg = Debug|Win32
		{DDF46E6D-4D83-44C3-9600-C4B505509D7C}.Debug|Win32.Build.0 = Debug|Win32
		{DDF46E6D-4D83-44C3-9600-C4B505509D7C}.Release|Win32.ActiveCfg = Release|Win32
		{DDF46E6D-4D83-44C3-9600-C4B505509D7C}.Release|Win32.Build.0 = Release|Win32
		{E7252F7E-1922-4142-9380-D4886573A00B}.Debug|Win32.ActiveCfg = Debug|Win32
		{E7252F7E-1922-4142-9380-D4886573A00B}.Debug|Win32.Build.0 = Debug|Win32
		{E7252F7E-1922-4142-9380-D4886573A00B}.Release|Win32.ActiveCfg = Release|Win32
		{E7252F7E-1922-4142-9380-D4886573A00B}.Release|Win32.Build.0 = Release|Win32
		{30FD87F4-FA25-4C94-89D8-2AC64EBE1D03}.Debug|Win32.ActiveCfg = Debug|Win32
		{30FD87F4-FA25-4C94-89D8-2AC64EBE1D03}.Debug|Win32.Build.0 = Debug|Win32
		{30FD87F4-FA25-4C94-89D8-2AC64EBE1D03}.Release|Win32.ActiveCfg = Release|Win32
		{30FD87F4-FA25-4C94-89D8-2AC64EBE1D03}.Release|Win32.Build.0 = Release|Win32
	EndGlobalSection
	GlobalSection(SolutionProperties) = preSolution
		HideSolutionNode = FALSE
	EndGlobalSection
	GlobalSection(NestedProjects) = preSolution
		{7D65EA56-AC16-4E80-B0E1-61296DA18B89} = {324B566B-63F1-44DD-A099-CEAB37F9EED4}
		{BA45647E-6120-4B24-BF28-F92E8C33759D} = {324B566B-63F1-44DD-A099-CEAB37F9EED4}
		{7DF1CB55-FA65-4191-AFE5-66538890DEC9} = {324B566B-63F1-44DD-A099-CEAB37F9EED4}
		{2E9650C3-CEDC-4AC7-9A64-82D60AAC2F9A} = {C90B6592-5EA2-4A8F-943A-C8610A674159}
		{50D43180-E009-4D42-AB60-AE3A25B70757} = {BA45647E-6120-4B24-BF28-F92E8C33759D}
		{C04D82A2-7F9A-4C4F-8103-82DA266E4F66} = {BA45647E-6120-4B24-BF28-F92E8C33759D}
		{958AB638-1A4F-4B84-BAC6-D85D59FFF88D} = {BA45647E-6120-4B24-BF28-F92E8C33759D}
		{37CEA28C-C40E-4393-AFBD-8BD67393EF9A} = {BA45647E-6120-4B24-BF28-F92E8C33759D}
		{C60DB572-4CAB-42D3-A798-3B382B4C3DB5} = {22CDC747-1530-46CD-9E9D-1378DA591CC6}
		{DDF46E6D-4D83-44C3-9600-C4B505509D7C} = {2E9650C3-CEDC-4AC7-9A64-82D60AAC2F9A}
		{E7252F7E-1922-4142-9380-D4886573A00B} = {7DF1CB55-FA65-4191-AFE5-66538890DEC9}
		{30FD87F4-FA25-4C94-89D8-2AC64EBE1D03} = {7DF1CB55-FA65-4191-AFE5-66538890DEC9}
	EndGlobalSection
EndGlobal
